
Microsoft Visual Studio Solution File, Format Version 12.00
# Visual Studio Version 17
VisualStudioVersion = 17.12.35707.178
MinimumVisualStudioVersion = 10.0.40219.1
Project("{FAE04EC0-301F-11D3-BF4B-00C04F79EFBC}") = "Reportman.Drawing", "Reportman.Drawing\Reportman.Drawing.csproj", "{DC4DECFD-7439-440C-936E-B464E5269166}"
EndProject
Project("{FAE04EC0-301F-11D3-BF4B-00C04F79EFBC}") = "Reportman.Reporting", "Reportman.Reporting\Reportman.Reporting.csproj", "{F54DEC26-406A-448F-A8D1-22203EFF613C}"
EndProject
Project("{FAE04EC0-301F-11D3-BF4B-00C04F79EFBC}") = "Reportman.Drawing.Forms", "Reportman.Drawing.Forms\Reportman.Drawing.Forms.csproj", "{6D3460EF-E85E-42ED-A2DB-6C800EED53FC}"
EndProject
Project("{FAE04EC0-301F-11D3-BF4B-00C04F79EFBC}") = "Reportman.Reporting.Forms", "Reportman.Reporting.Forms\Reportman.Reporting.Forms.csproj", "{A3EE9D0F-A4DD-44CE-A33B-6354B23DFFEE}"
EndProject
Project("{FAE04EC0-301F-11D3-BF4B-00C04F79EFBC}") = "Reportman.Designer", "Reportman.Designer\Reportman.Designer.csproj", "{80EF8FAE-B1D8-4D1B-817F-6C0DB3689FAA}"
EndProject
Project("{FAE04EC0-301F-11D3-BF4B-00C04F79EFBC}") = "designer", "designer\designer.csproj", "{F627D477-5C7F-4A17-8B38-09EAD1885C79}"
EndProject
Project("{FAE04EC0-301F-11D3-BF4B-00C04F79EFBC}") = "printreport", "printreport\printreport.csproj", "{450F6C22-2D1F-47E5-B4B3-19BB84E51A9E}"
EndProject
Project("{FAE04EC0-301F-11D3-BF4B-00C04F79EFBC}") = "Reportman.WPF", "Reportman.WPF\Reportman.WPF.csproj", "{CEBD8BE8-53B0-465F-9A2D-66E9C9E0D703}"
EndProject
Project("{FAE04EC0-301F-11D3-BF4B-00C04F79EFBC}") = "Reportman.Drawing.Windows", "Reportman.Drawing.Windows\Reportman.Drawing.Windows.csproj", "{ADC2E8CD-DEA4-4266-9C97-1CAAAFD71AF3}"
EndProject
Project("{FAE04EC0-301F-11D3-BF4B-00C04F79EFBC}") = "Reportman.Drawing.Excel", "Reportman.Drawing.Excel\Reportman.Drawing.Excel.csproj", "{F7FA0EFB-D036-4C93-AD8E-8071934F08B1}"
EndProject
Project("{FAE04EC0-301F-11D3-BF4B-00C04F79EFBC}") = "Reportman.Drawing.CrossPlatform", "Reportman.Drawing.CrossPlatform\Reportman.Drawing.CrossPlatform.csproj", "{9378C839-E4B3-4F28-A3F0-332DA91ABB28}"
EndProject
Project("{FAE04EC0-301F-11D3-BF4B-00C04F79EFBC}") = "printreportpdf", "printreportpdf\printreportpdf.csproj", "{44A18B93-89A6-40BF-A367-F92299C19D08}"
EndProject
Project("{FAE04EC0-301F-11D3-BF4B-00C04F79EFBC}") = "printreport48", "printreport48\printreport48.csproj", "{3986E6AE-ABBA-45FA-86B6-5B59BF57C5AA}"
EndProject
Global
	GlobalSection(SolutionConfigurationPlatforms) = preSolution
		Debug|Any CPU = Debug|Any CPU
		Debug|x64 = Debug|x64
		Debug|x86 = Debug|x86
		Release|Any CPU = Release|Any CPU
		Release|x64 = Release|x64
		Release|x86 = Release|x86
	EndGlobalSection
	GlobalSection(ProjectConfigurationPlatforms) = postSolution
		{DC4DECFD-7439-440C-936E-B464E5269166}.Debug|Any CPU.ActiveCfg = Debug|Any CPU
		{DC4DECFD-7439-440C-936E-B464E5269166}.Debug|Any CPU.Build.0 = Debug|Any CPU
		{DC4DECFD-7439-440C-936E-B464E5269166}.Debug|x64.ActiveCfg = Debug|Any CPU
		{DC4DECFD-7439-440C-936E-B464E5269166}.Debug|x64.Build.0 = Debug|Any CPU
		{DC4DECFD-7439-440C-936E-B464E5269166}.Debug|x86.ActiveCfg = Debug|Any CPU
		{DC4DECFD-7439-440C-936E-B464E5269166}.Debug|x86.Build.0 = Debug|Any CPU
		{DC4DECFD-7439-440C-936E-B464E5269166}.Release|Any CPU.ActiveCfg = Release|Any CPU
		{DC4DECFD-7439-440C-936E-B464E5269166}.Release|Any CPU.Build.0 = Release|Any CPU
		{DC4DECFD-7439-440C-936E-B464E5269166}.Release|x64.ActiveCfg = Release|Any CPU
		{DC4DECFD-7439-440C-936E-B464E5269166}.Release|x64.Build.0 = Release|Any CPU
		{DC4DECFD-7439-440C-936E-B464E5269166}.Release|x86.ActiveCfg = Release|Any CPU
		{DC4DECFD-7439-440C-936E-B464E5269166}.Release|x86.Build.0 = Release|Any CPU
		{F54DEC26-406A-448F-A8D1-22203EFF613C}.Debug|Any CPU.ActiveCfg = Debug|Any CPU
		{F54DEC26-406A-448F-A8D1-22203EFF613C}.Debug|Any CPU.Build.0 = Debug|Any CPU
		{F54DEC26-406A-448F-A8D1-22203EFF613C}.Debug|x64.ActiveCfg = Debug|Any CPU
		{F54DEC26-406A-448F-A8D1-22203EFF613C}.Debug|x64.Build.0 = Debug|Any CPU
		{F54DEC26-406A-448F-A8D1-22203EFF613C}.Debug|x86.ActiveCfg = Debug|Any CPU
		{F54DEC26-406A-448F-A8D1-22203EFF613C}.Debug|x86.Build.0 = Debug|Any CPU
		{F54DEC26-406A-448F-A8D1-22203EFF613C}.Release|Any CPU.ActiveCfg = Release|Any CPU
		{F54DEC26-406A-448F-A8D1-22203EFF613C}.Release|Any CPU.Build.0 = Release|Any CPU
		{F54DEC26-406A-448F-A8D1-22203EFF613C}.Release|x64.ActiveCfg = Release|Any CPU
		{F54DEC26-406A-448F-A8D1-22203EFF613C}.Release|x64.Build.0 = Release|Any CPU
		{F54DEC26-406A-448F-A8D1-22203EFF613C}.Release|x86.ActiveCfg = Release|Any CPU
		{F54DEC26-406A-448F-A8D1-22203EFF613C}.Release|x86.Build.0 = Release|Any CPU
		{6D3460EF-E85E-42ED-A2DB-6C800EED53FC}.Debug|Any CPU.ActiveCfg = Debug|Any CPU
		{6D3460EF-E85E-42ED-A2DB-6C800EED53FC}.Debug|Any CPU.Build.0 = Debug|Any CPU
		{6D3460EF-E85E-42ED-A2DB-6C800EED53FC}.Debug|x64.ActiveCfg = Debug|Any CPU
		{6D3460EF-E85E-42ED-A2DB-6C800EED53FC}.Debug|x64.Build.0 = Debug|Any CPU
		{6D3460EF-E85E-42ED-A2DB-6C800EED53FC}.Debug|x86.ActiveCfg = Debug|Any CPU
		{6D3460EF-E85E-42ED-A2DB-6C800EED53FC}.Debug|x86.Build.0 = Debug|Any CPU
		{6D3460EF-E85E-42ED-A2DB-6C800EED53FC}.Release|Any CPU.ActiveCfg = Release|Any CPU
		{6D3460EF-E85E-42ED-A2DB-6C800EED53FC}.Release|Any CPU.Build.0 = Release|Any CPU
		{6D3460EF-E85E-42ED-A2DB-6C800EED53FC}.Release|x64.ActiveCfg = Release|Any CPU
		{6D3460EF-E85E-42ED-A2DB-6C800EED53FC}.Release|x64.Build.0 = Release|Any CPU
		{6D3460EF-E85E-42ED-A2DB-6C800EED53FC}.Release|x86.ActiveCfg = Release|Any CPU
		{6D3460EF-E85E-42ED-A2DB-6C800EED53FC}.Release|x86.Build.0 = Release|Any CPU
		{A3EE9D0F-A4DD-44CE-A33B-6354B23DFFEE}.Debug|Any CPU.ActiveCfg = Debug|Any CPU
		{A3EE9D0F-A4DD-44CE-A33B-6354B23DFFEE}.Debug|Any CPU.Build.0 = Debug|Any CPU
		{A3EE9D0F-A4DD-44CE-A33B-6354B23DFFEE}.Debug|x64.ActiveCfg = Debug|Any CPU
		{A3EE9D0F-A4DD-44CE-A33B-6354B23DFFEE}.Debug|x64.Build.0 = Debug|Any CPU
		{A3EE9D0F-A4DD-44CE-A33B-6354B23DFFEE}.Debug|x86.ActiveCfg = Debug|Any CPU
		{A3EE9D0F-A4DD-44CE-A33B-6354B23DFFEE}.Debug|x86.Build.0 = Debug|Any CPU
		{A3EE9D0F-A4DD-44CE-A33B-6354B23DFFEE}.Release|Any CPU.ActiveCfg = Release|Any CPU
		{A3EE9D0F-A4DD-44CE-A33B-6354B23DFFEE}.Release|Any CPU.Build.0 = Release|Any CPU
		{A3EE9D0F-A4DD-44CE-A33B-6354B23DFFEE}.Release|x64.ActiveCfg = Release|Any CPU
		{A3EE9D0F-A4DD-44CE-A33B-6354B23DFFEE}.Release|x64.Build.0 = Release|Any CPU
		{A3EE9D0F-A4DD-44CE-A33B-6354B23DFFEE}.Release|x86.ActiveCfg = Release|Any CPU
		{A3EE9D0F-A4DD-44CE-A33B-6354B23DFFEE}.Release|x86.Build.0 = Release|Any CPU
		{80EF8FAE-B1D8-4D1B-817F-6C0DB3689FAA}.Debug|Any CPU.ActiveCfg = Debug|Any CPU
		{80EF8FAE-B1D8-4D1B-817F-6C0DB3689FAA}.Debug|Any CPU.Build.0 = Debug|Any CPU
		{80EF8FAE-B1D8-4D1B-817F-6C0DB3689FAA}.Debug|x64.ActiveCfg = Debug|Any CPU
		{80EF8FAE-B1D8-4D1B-817F-6C0DB3689FAA}.Debug|x64.Build.0 = Debug|Any CPU
		{80EF8FAE-B1D8-4D1B-817F-6C0DB3689FAA}.Debug|x86.ActiveCfg = Debug|Any CPU
		{80EF8FAE-B1D8-4D1B-817F-6C0DB3689FAA}.Debug|x86.Build.0 = Debug|Any CPU
		{80EF8FAE-B1D8-4D1B-817F-6C0DB3689FAA}.Release|Any CPU.ActiveCfg = Release|Any CPU
		{80EF8FAE-B1D8-4D1B-817F-6C0DB3689FAA}.Release|Any CPU.Build.0 = Release|Any CPU
		{80EF8FAE-B1D8-4D1B-817F-6C0DB3689FAA}.Release|x64.ActiveCfg = Release|Any CPU
		{80EF8FAE-B1D8-4D1B-817F-6C0DB3689FAA}.Release|x64.Build.0 = Release|Any CPU
		{80EF8FAE-B1D8-4D1B-817F-6C0DB3689FAA}.Release|x86.ActiveCfg = Release|Any CPU
		{80EF8FAE-B1D8-4D1B-817F-6C0DB3689FAA}.Release|x86.Build.0 = Release|Any CPU
		{F627D477-5C7F-4A17-8B38-09EAD1885C79}.Debug|Any CPU.ActiveCfg = Debug|Any CPU
		{F627D477-5C7F-4A17-8B38-09EAD1885C79}.Debug|Any CPU.Build.0 = Debug|Any CPU
		{F627D477-5C7F-4A17-8B38-09EAD1885C79}.Debug|x64.ActiveCfg = Debug|Any CPU
		{F627D477-5C7F-4A17-8B38-09EAD1885C79}.Debug|x64.Build.0 = Debug|Any CPU
		{F627D477-5C7F-4A17-8B38-09EAD1885C79}.Debug|x86.ActiveCfg = Debug|Any CPU
		{F627D477-5C7F-4A17-8B38-09EAD1885C79}.Debug|x86.Build.0 = Debug|Any CPU
		{F627D477-5C7F-4A17-8B38-09EAD1885C79}.Release|Any CPU.ActiveCfg = Release|Any CPU
		{F627D477-5C7F-4A17-8B38-09EAD1885C79}.Release|Any CPU.Build.0 = Release|Any CPU
		{F627D477-5C7F-4A17-8B38-09EAD1885C79}.Release|x64.ActiveCfg = Release|Any CPU
		{F627D477-5C7F-4A17-8B38-09EAD1885C79}.Release|x64.Build.0 = Release|Any CPU
		{F627D477-5C7F-4A17-8B38-09EAD1885C79}.Release|x86.ActiveCfg = Release|Any CPU
		{F627D477-5C7F-4A17-8B38-09EAD1885C79}.Release|x86.Build.0 = Release|Any CPU
		{450F6C22-2D1F-47E5-B4B3-19BB84E51A9E}.Debug|Any CPU.ActiveCfg = Debug|Any CPU
		{450F6C22-2D1F-47E5-B4B3-19BB84E51A9E}.Debug|Any CPU.Build.0 = Debug|Any CPU
		{450F6C22-2D1F-47E5-B4B3-19BB84E51A9E}.Debug|x64.ActiveCfg = Debug|Any CPU
		{450F6C22-2D1F-47E5-B4B3-19BB84E51A9E}.Debug|x64.Build.0 = Debug|Any CPU
		{450F6C22-2D1F-47E5-B4B3-19BB84E51A9E}.Debug|x86.ActiveCfg = Debug|Any CPU
		{450F6C22-2D1F-47E5-B4B3-19BB84E51A9E}.Debug|x86.Build.0 = Debug|Any CPU
		{450F6C22-2D1F-47E5-B4B3-19BB84E51A9E}.Release|Any CPU.ActiveCfg = Release|Any CPU
		{450F6C22-2D1F-47E5-B4B3-19BB84E51A9E}.Release|Any CPU.Build.0 = Release|Any CPU
		{450F6C22-2D1F-47E5-B4B3-19BB84E51A9E}.Release|x64.ActiveCfg = Release|Any CPU
		{450F6C22-2D1F-47E5-B4B3-19BB84E51A9E}.Release|x64.Build.0 = Release|Any CPU
		{450F6C22-2D1F-47E5-B4B3-19BB84E51A9E}.Release|x86.ActiveCfg = Release|Any CPU
		{450F6C22-2D1F-47E5-B4B3-19BB84E51A9E}.Release|x86.Build.0 = Release|Any CPU
		{CEBD8BE8-53B0-465F-9A2D-66E9C9E0D703}.Debug|Any CPU.ActiveCfg = Debug|Any CPU
		{CEBD8BE8-53B0-465F-9A2D-66E9C9E0D703}.Debug|Any CPU.Build.0 = Debug|Any CPU
		{CEBD8BE8-53B0-465F-9A2D-66E9C9E0D703}.Debug|x64.ActiveCfg = Debug|Any CPU
		{CEBD8BE8-53B0-465F-9A2D-66E9C9E0D703}.Debug|x64.Build.0 = Debug|Any CPU
		{CEBD8BE8-53B0-465F-9A2D-66E9C9E0D703}.Debug|x86.ActiveCfg = Debug|Any CPU
		{CEBD8BE8-53B0-465F-9A2D-66E9C9E0D703}.Debug|x86.Build.0 = Debug|Any CPU
		{CEBD8BE8-53B0-465F-9A2D-66E9C9E0D703}.Release|Any CPU.ActiveCfg = Release|Any CPU
		{CEBD8BE8-53B0-465F-9A2D-66E9C9E0D703}.Release|Any CPU.Build.0 = Release|Any CPU
		{CEBD8BE8-53B0-465F-9A2D-66E9C9E0D703}.Release|x64.ActiveCfg = Release|Any CPU
		{CEBD8BE8-53B0-465F-9A2D-66E9C9E0D703}.Release|x64.Build.0 = Release|Any CPU
		{CEBD8BE8-53B0-465F-9A2D-66E9C9E0D703}.Release|x86.ActiveCfg = Release|Any CPU
		{CEBD8BE8-53B0-465F-9A2D-66E9C9E0D703}.Release|x86.Build.0 = Release|Any CPU
		{ADC2E8CD-DEA4-4266-9C97-1CAAAFD71AF3}.Debug|Any CPU.ActiveCfg = Debug|Any CPU
		{ADC2E8CD-DEA4-4266-9C97-1CAAAFD71AF3}.Debug|Any CPU.Build.0 = Debug|Any CPU
		{ADC2E8CD-DEA4-4266-9C97-1CAAAFD71AF3}.Debug|x64.ActiveCfg = Debug|Any CPU
		{ADC2E8CD-DEA4-4266-9C97-1CAAAFD71AF3}.Debug|x64.Build.0 = Debug|Any CPU
		{ADC2E8CD-DEA4-4266-9C97-1CAAAFD71AF3}.Debug|x86.ActiveCfg = Debug|Any CPU
		{ADC2E8CD-DEA4-4266-9C97-1CAAAFD71AF3}.Debug|x86.Build.0 = Debug|Any CPU
		{ADC2E8CD-DEA4-4266-9C97-1CAAAFD71AF3}.Release|Any CPU.ActiveCfg = Release|Any CPU
		{ADC2E8CD-DEA4-4266-9C97-1CAAAFD71AF3}.Release|Any CPU.Build.0 = Release|Any CPU
		{ADC2E8CD-DEA4-4266-9C97-1CAAAFD71AF3}.Release|x64.ActiveCfg = Release|Any CPU
		{ADC2E8CD-DEA4-4266-9C97-1CAAAFD71AF3}.Release|x64.Build.0 = Release|Any CPU
		{ADC2E8CD-DEA4-4266-9C97-1CAAAFD71AF3}.Release|x86.ActiveCfg = Release|Any CPU
		{ADC2E8CD-DEA4-4266-9C97-1CAAAFD71AF3}.Release|x86.Build.0 = Release|Any CPU
		{F7FA0EFB-D036-4C93-AD8E-8071934F08B1}.Debug|Any CPU.ActiveCfg = Debug|Any CPU
		{F7FA0EFB-D036-4C93-AD8E-8071934F08B1}.Debug|Any CPU.Build.0 = Debug|Any CPU
		{F7FA0EFB-D036-4C93-AD8E-8071934F08B1}.Debug|x64.ActiveCfg = Debug|Any CPU
		{F7FA0EFB-D036-4C93-AD8E-8071934F08B1}.Debug|x64.Build.0 = Debug|Any CPU
		{F7FA0EFB-D036-4C93-AD8E-8071934F08B1}.Debug|x86.ActiveCfg = Debug|Any CPU
		{F7FA0EFB-D036-4C93-AD8E-8071934F08B1}.Debug|x86.Build.0 = Debug|Any CPU
		{F7FA0EFB-D036-4C93-AD8E-8071934F08B1}.Release|Any CPU.ActiveCfg = Release|Any CPU
		{F7FA0EFB-D036-4C93-AD8E-8071934F08B1}.Release|Any CPU.Build.0 = Release|Any CPU
		{F7FA0EFB-D036-4C93-AD8E-8071934F08B1}.Release|x64.ActiveCfg = Release|Any CPU
		{F7FA0EFB-D036-4C93-AD8E-8071934F08B1}.Release|x64.Build.0 = Release|Any CPU
		{F7FA0EFB-D036-4C93-AD8E-8071934F08B1}.Release|x86.ActiveCfg = Release|Any CPU
		{F7FA0EFB-D036-4C93-AD8E-8071934F08B1}.Release|x86.Build.0 = Release|Any CPU
		{9378C839-E4B3-4F28-A3F0-332DA91ABB28}.Debug|Any CPU.ActiveCfg = Debug|Any CPU
		{9378C839-E4B3-4F28-A3F0-332DA91ABB28}.Debug|Any CPU.Build.0 = Debug|Any CPU
		{9378C839-E4B3-4F28-A3F0-332DA91ABB28}.Debug|x64.ActiveCfg = Debug|Any CPU
		{9378C839-E4B3-4F28-A3F0-332DA91ABB28}.Debug|x64.Build.0 = Debug|Any CPU
		{9378C839-E4B3-4F28-A3F0-332DA91ABB28}.Debug|x86.ActiveCfg = Debug|Any CPU
		{9378C839-E4B3-4F28-A3F0-332DA91ABB28}.Debug|x86.Build.0 = Debug|Any CPU
		{9378C839-E4B3-4F28-A3F0-332DA91ABB28}.Release|Any CPU.ActiveCfg = Release|Any CPU
		{9378C839-E4B3-4F28-A3F0-332DA91ABB28}.Release|Any CPU.Build.0 = Release|Any CPU
		{9378C839-E4B3-4F28-A3F0-332DA91ABB28}.Release|x64.ActiveCfg = Release|Any CPU
		{9378C839-E4B3-4F28-A3F0-332DA91ABB28}.Release|x64.Build.0 = Release|Any CPU
		{9378C839-E4B3-4F28-A3F0-332DA91ABB28}.Release|x86.ActiveCfg = Release|Any CPU
		{9378C839-E4B3-4F28-A3F0-332DA91ABB28}.Release|x86.Build.0 = Release|Any CPU
		{44A18B93-89A6-40BF-A367-F92299C19D08}.Debug|Any CPU.ActiveCfg = Debug|Any CPU
		{44A18B93-89A6-40BF-A367-F92299C19D08}.Debug|Any CPU.Build.0 = Debug|Any CPU
		{44A18B93-89A6-40BF-A367-F92299C19D08}.Debug|x64.ActiveCfg = Debug|Any CPU
		{44A18B93-89A6-40BF-A367-F92299C19D08}.Debug|x64.Build.0 = Debug|Any CPU
		{44A18B93-89A6-40BF-A367-F92299C19D08}.Debug|x86.ActiveCfg = Debug|Any CPU
		{44A18B93-89A6-40BF-A367-F92299C19D08}.Debug|x86.Build.0 = Debug|Any CPU
		{44A18B93-89A6-40BF-A367-F92299C19D08}.Release|Any CPU.ActiveCfg = Release|Any CPU
		{44A18B93-89A6-40BF-A367-F92299C19D08}.Release|Any CPU.Build.0 = Release|Any CPU
		{44A18B93-89A6-40BF-A367-F92299C19D08}.Release|x64.ActiveCfg = Release|Any CPU
		{44A18B93-89A6-40BF-A367-F92299C19D08}.Release|x64.Build.0 = Release|Any CPU
		{44A18B93-89A6-40BF-A367-F92299C19D08}.Release|x86.ActiveCfg = Release|Any CPU
		{44A18B93-89A6-40BF-A367-F92299C19D08}.Release|x86.Build.0 = Release|Any CPU
		{3986E6AE-ABBA-45FA-86B6-5B59BF57C5AA}.Debug|Any CPU.ActiveCfg = Debug|Any CPU
		{3986E6AE-ABBA-45FA-86B6-5B59BF57C5AA}.Debug|Any CPU.Build.0 = Debug|Any CPU
		{3986E6AE-ABBA-45FA-86B6-5B59BF57C5AA}.Debug|x64.ActiveCfg = Debug|x64
		{3986E6AE-ABBA-45FA-86B6-5B59BF57C5AA}.Debug|x64.Build.0 = Debug|x64
		{3986E6AE-ABBA-45FA-86B6-5B59BF57C5AA}.Debug|x86.ActiveCfg = Debug|Any CPU
		{3986E6AE-ABBA-45FA-86B6-5B59BF57C5AA}.Debug|x86.Build.0 = Debug|Any CPU
		{3986E6AE-ABBA-45FA-86B6-5B59BF57C5AA}.Release|Any CPU.ActiveCfg = Release|Any CPU
		{3986E6AE-ABBA-45FA-86B6-5B59BF57C5AA}.Release|Any CPU.Build.0 = Release|Any CPU
		{3986E6AE-ABBA-45FA-86B6-5B59BF57C5AA}.Release|x64.ActiveCfg = Release|x64
		{3986E6AE-ABBA-45FA-86B6-5B59BF57C5AA}.Release|x64.Build.0 = Release|x64
		{3986E6AE-ABBA-45FA-86B6-5B59BF57C5AA}.Release|x86.ActiveCfg = Release|x86
		{3986E6AE-ABBA-45FA-86B6-5B59BF57C5AA}.Release|x86.Build.0 = Release|x86
	EndGlobalSection
	GlobalSection(SolutionProperties) = preSolution
		HideSolutionNode = FALSE
	EndGlobalSection
	GlobalSection(ExtensibilityGlobals) = postSolution
		SolutionGuid = {DE24C3F0-2A92-48A7-88DD-F16577B177F6}
	EndGlobalSection
EndGlobal
